
Microsoft Visual Studio Solution File, Format Version 12.00
# Visual Studio Version 16
VisualStudioVersion = 16.0.30907.101
MinimumVisualStudioVersion = 10.0.40219.1
Project("{FAE04EC0-301F-11D3-BF4B-00C04F79EFBC}") = "Pizzasiparisapp", "Pizzasiparisapp\Pizzasiparisapp.csproj", "{98AB17DD-A90F-4786-85A7-6C44C7128BEA}"
EndProject
Global
	GlobalSection(SolutionConfigurationPlatforms) = preSolution
		Debug|Any CPU = Debug|Any CPU
		Release|Any CPU = Release|Any CPU
	EndGlobalSection
	GlobalSection(ProjectConfigurationPlatforms) = postSolution
		{98AB17DD-A90F-4786-85A7-6C44C7128BEA}.Debug|Any CPU.ActiveCfg = Debug|Any CPU
		{98AB17DD-A90F-4786-85A7-6C44C7128BEA}.Debug|Any CPU.Build.0 = Debug|Any CPU
		{98AB17DD-A90F-4786-85A7-6C44C7128BEA}.Release|Any CPU.ActiveCfg = Release|Any CPU
		{98AB17DD-A90F-4786-85A7-6C44C7128BEA}.Release|Any CPU.Build.0 = Release|Any CPU
	EndGlobalSection
	GlobalSection(SolutionProperties) = preSolution
		HideSolutionNode = FALSE
	EndGlobalSection
	GlobalSection(ExtensibilityGlobals) = postSolution
		SolutionGuid = {4C7EE2AF-D7BC-4A51-85FC-0B2B18695D6F}
	EndGlobalSection
EndGlobal
